
Microsoft Visual Studio Solution File, Format Version 12.00
# Visual Studio Version 17
VisualStudioVersion = 17.11.35312.102
MinimumVisualStudioVersion = 10.0.40219.1
Project("{FAE04EC0-301F-11D3-BF4B-00C04F79EFBC}") = "Q1(Person)", "Q1(Person)\Q1(Person).csproj", "{B08CAFD6-D968-408C-9331-C075464710DC}"
EndProject
Project("{FAE04EC0-301F-11D3-BF4B-00C04F79EFBC}") = "Q2(MethodOverLoad)", "Q2(MethodOverLoad)\Q2(MethodOverLoad).csproj", "{89E00DF8-E6ED-4AD6-AF11-93409E8F862C}"
EndProject
Project("{FAE04EC0-301F-11D3-BF4B-00C04F79EFBC}") = "Q3(PrepareBill)", "Q3(PrepareBill)\Q3(PrepareBill).csproj", "{B35F6ECF-3A7C-4FAA-9B74-E92FB85B2559}"
EndProject
Project("{FAE04EC0-301F-11D3-BF4B-00C04F79EFBC}") = "Q4(BroadbandPlans)", "Q4(BroadbandPlans)\Q4(BroadbandPlans).csproj", "{21FF8740-9AAF-44BB-978E-1AC9579BF803}"
EndProject
Project("{FAE04EC0-301F-11D3-BF4B-00C04F79EFBC}") = "Q5(StudentScholarship)", "Q5(StudentScholarship)\Q5(StudentScholarship).csproj", "{0C75D00E-CB17-44C8-A7EB-68416BD65A91}"
EndProject
Global
	GlobalSection(SolutionConfigurationPlatforms) = preSolution
		Debug|Any CPU = Debug|Any CPU
		Release|Any CPU = Release|Any CPU
	EndGlobalSection
	GlobalSection(ProjectConfigurationPlatforms) = postSolution
		{B08CAFD6-D968-408C-9331-C075464710DC}.Debug|Any CPU.ActiveCfg = Debug|Any CPU
		{B08CAFD6-D968-408C-9331-C075464710DC}.Debug|Any CPU.Build.0 = Debug|Any CPU
		{B08CAFD6-D968-408C-9331-C075464710DC}.Release|Any CPU.ActiveCfg = Release|Any CPU
		{B08CAFD6-D968-408C-9331-C075464710DC}.Release|Any CPU.Build.0 = Release|Any CPU
		{89E00DF8-E6ED-4AD6-AF11-93409E8F862C}.Debug|Any CPU.ActiveCfg = Debug|Any CPU
		{89E00DF8-E6ED-4AD6-AF11-93409E8F862C}.Debug|Any CPU.Build.0 = Debug|Any CPU
		{89E00DF8-E6ED-4AD6-AF11-93409E8F862C}.Release|Any CPU.ActiveCfg = Release|Any CPU
		{89E00DF8-E6ED-4AD6-AF11-93409E8F862C}.Release|Any CPU.Build.0 = Release|Any CPU
		{B35F6ECF-3A7C-4FAA-9B74-E92FB85B2559}.Debug|Any CPU.ActiveCfg = Debug|Any CPU
		{B35F6ECF-3A7C-4FAA-9B74-E92FB85B2559}.Debug|Any CPU.Build.0 = Debug|Any CPU
		{B35F6ECF-3A7C-4FAA-9B74-E92FB85B2559}.Release|Any CPU.ActiveCfg = Release|Any CPU
		{B35F6ECF-3A7C-4FAA-9B74-E92FB85B2559}.Release|Any CPU.Build.0 = Release|Any CPU
		{21FF8740-9AAF-44BB-978E-1AC9579BF803}.Debug|Any CPU.ActiveCfg = Debug|Any CPU
		{21FF8740-9AAF-44BB-978E-1AC9579BF803}.Debug|Any CPU.Build.0 = Debug|Any CPU
		{21FF8740-9AAF-44BB-978E-1AC9579BF803}.Release|Any CPU.ActiveCfg = Release|Any CPU
		{21FF8740-9AAF-44BB-978E-1AC9579BF803}.Release|Any CPU.Build.0 = Release|Any CPU
		{0C75D00E-CB17-44C8-A7EB-68416BD65A91}.Debug|Any CPU.ActiveCfg = Debug|Any CPU
		{0C75D00E-CB17-44C8-A7EB-68416BD65A91}.Debug|Any CPU.Build.0 = Debug|Any CPU
		{0C75D00E-CB17-44C8-A7EB-68416BD65A91}.Release|Any CPU.ActiveCfg = Release|Any CPU
		{0C75D00E-CB17-44C8-A7EB-68416BD65A91}.Release|Any CPU.Build.0 = Release|Any CPU
	EndGlobalSection
	GlobalSection(SolutionProperties) = preSolution
		HideSolutionNode = FALSE
	EndGlobalSection
	GlobalSection(ExtensibilityGlobals) = postSolution
		SolutionGuid = {8FDFA63B-FF8E-4499-AB97-009435DDC4C1}
	EndGlobalSection
EndGlobal
